
Microsoft Visual Studio Solution File, Format Version 12.00
# Visual Studio Version 16
VisualStudioVersion = 16.0.31624.102
MinimumVisualStudioVersion = 10.0.40219.1
Project("{FAE04EC0-301F-11D3-BF4B-00C04F79EFBC}") = "Console App", "Console App.csproj", "{7FC47117-56DA-4C6B-8986-3BEC4102DA32}"
EndProject
Global
	GlobalSection(SolutionConfigurationPlatforms) = preSolution
		Debug|Any CPU = Debug|Any CPU
		Release|Any CPU = Release|Any CPU
	EndGlobalSection
	GlobalSection(ProjectConfigurationPlatforms) = postSolution
		{7FC47117-56DA-4C6B-8986-3BEC4102DA32}.Debug|Any CPU.ActiveCfg = Debug|Any CPU
		{7FC47117-56DA-4C6B-8986-3BEC4102DA32}.Debug|Any CPU.Build.0 = Debug|Any CPU
		{7FC47117-56DA-4C6B-8986-3BEC4102DA32}.Release|Any CPU.ActiveCfg = Release|Any CPU
		{7FC47117-56DA-4C6B-8986-3BEC4102DA32}.Release|Any CPU.Build.0 = Release|Any CPU
	EndGlobalSection
	GlobalSection(SolutionProperties) = preSolution
		HideSolutionNode = FALSE
	EndGlobalSection
	GlobalSection(ExtensibilityGlobals) = postSolution
		SolutionGuid = {0DEDBD53-393A-4B29-ACAC-22EF6313D8A1}
	EndGlobalSection
EndGlobal
